
Microsoft Visual Studio Solution File, Format Version 11.00
# Visual Studio 2010
Project("{8BC9CEB8-8B4A-11D0-8D11-00A0C91BC942}") = "SDR_BISR", "SDR_BISR\SDR_BISR.vcxproj", "{DDE39CBD-02E1-49FB-ADAB-0297B5FF1C0D}"
EndProject
Global
	GlobalSection(SolutionConfigurationPlatforms) = preSolution
		Debug|Win32 = Debug|Win32
		Release|Win32 = Release|Win32
	EndGlobalSection
	GlobalSection(ProjectConfigurationPlatforms) = postSolution
		{DDE39CBD-02E1-49FB-ADAB-0297B5FF1C0D}.Debug|Win32.ActiveCfg = Debug|Win32
		{DDE39CBD-02E1-49FB-ADAB-0297B5FF1C0D}.Debug|Win32.Build.0 = Debug|Win32
		{DDE39CBD-02E1-49FB-ADAB-0297B5FF1C0D}.Release|Win32.ActiveCfg = Release|Win32
		{DDE39CBD-02E1-49FB-ADAB-0297B5FF1C0D}.Release|Win32.Build.0 = Release|Win32
	EndGlobalSection
	GlobalSection(SolutionProperties) = preSolution
		HideSolutionNode = FALSE
	EndGlobalSection
EndGlobal
